{
  "name": "meridian",
  "version": "1.0.0",
  "lockfileVersion": 3,
  "requires": true,
  "packages": {
    "": {
      "name": "meridian",
      "version": "1.0.0",
      "license": "ISC",
      "dependencies": {
        "@rynfar/meridian-plugin-opencode-scrub": "^0.2.0"
      }
    },
    "node_modules/@rynfar/meridian-plugin-opencode-scrub": {
      "version": "0.2.0",
      "resolved": "https://registry.npmjs.org/@rynfar/meridian-plugin-opencode-scrub/-/meridian-plugin-opencode-scrub-0.2.0.tgz",
      "integrity": "sha512-RaXNkIwPB2NmicdNvDmYLKbLz5KsnAlNt3XfuejstPpMZBbogxhi6JSsU3k6nHGj/yoYmbpLYMGD4Bv4v30Tvg==",
      "license": "MIT",
      "peerDependencies": {
        "@rynfar/meridian": "*"
      },
      "peerDependenciesMeta": {
        "@rynfar/meridian": {
          "optional": true
        }
      }
    }
  }
}
